
Microsoft Visual Studio Solution File, Format Version 12.00
# Visual Studio Version 16
VisualStudioVersion = 16.0.31410.357
MinimumVisualStudioVersion = 10.0.40219.1
Project("{FAE04EC0-301F-11D3-BF4B-00C04F79EFBC}") = "SM4Core", "SM4Core\SM4Core.csproj", "{8AC1C22A-CD14-451C-99FD-5917F7D9AB23}"
EndProject
Global
	GlobalSection(SolutionConfigurationPlatforms) = preSolution
		Debug|Any CPU = Debug|Any CPU
		Release|Any CPU = Release|Any CPU
	EndGlobalSection
	GlobalSection(ProjectConfigurationPlatforms) = postSolution
		{8AC1C22A-CD14-451C-99FD-5917F7D9AB23}.Debug|Any CPU.ActiveCfg = Debug|Any CPU
		{8AC1C22A-CD14-451C-99FD-5917F7D9AB23}.Debug|Any CPU.Build.0 = Debug|Any CPU
		{8AC1C22A-CD14-451C-99FD-5917F7D9AB23}.Release|Any CPU.ActiveCfg = Release|Any CPU
		{8AC1C22A-CD14-451C-99FD-5917F7D9AB23}.Release|Any CPU.Build.0 = Release|Any CPU
	EndGlobalSection
	GlobalSection(SolutionProperties) = preSolution
		HideSolutionNode = FALSE
	EndGlobalSection
	GlobalSection(ExtensibilityGlobals) = postSolution
		SolutionGuid = {63294B6D-B345-46BA-8802-3E3A52E96EF0}
	EndGlobalSection
EndGlobal
